// !$*UTF8*$!
{
	archiveVersion = 1;
	classes = {
	};
	objectVersion = 46;
	objects = {

/* Begin PBXBuildFile section */
		1395454519DDBCB10054E744 /* AppDelegate.swift in Sources */ = {isa = PBXBuildFile; fileRef = 1395454419DDBCB10054E744 /* AppDelegate.swift */; };
		1395454A19DDBCB10054E744 /* Main.storyboard in Resources */ = {isa = PBXBuildFile; fileRef = 1395454819DDBCB10054E744 /* Main.storyboard */; };
		1395454C19DDBCB10054E744 /* Images.xcassets in Resources */ = {isa = PBXBuildFile; fileRef = 1395454B19DDBCB10054E744 /* Images.xcassets */; };
		1395454F19DDBCB10054E744 /* LaunchScreen.xib in Resources */ = {isa = PBXBuildFile; fileRef = 1395454D19DDBCB10054E744 /* LaunchScreen.xib */; };
		1395455B19DDBCB10054E744 /* CoreDataExampleTests.swift in Sources */ = {isa = PBXBuildFile; fileRef = 1395455A19DDBCB10054E744 /* CoreDataExampleTests.swift */; };
		1395456819DDBD190054E744 /* CoreDataManager.swift in Sources */ = {isa = PBXBuildFile; fileRef = 1395456719DDBD190054E744 /* CoreDataManager.swift */; };
		1395456A19DDBD3B0054E744 /* MR_EmployeeListViewController.swift in Sources */ = {isa = PBXBuildFile; fileRef = 1395456919DDBD3B0054E744 /* MR_EmployeeListViewController.swift */; };
		1395456C19DDBD5D0054E744 /* MR_EmployeeTableViewCell.swift in Sources */ = {isa = PBXBuildFile; fileRef = 1395456B19DDBD5D0054E744 /* MR_EmployeeTableViewCell.swift */; };
		1395456E19DDBD760054E744 /* MR_EmployeeDetailViewController.swift in Sources */ = {isa = PBXBuildFile; fileRef = 1395456D19DDBD760054E744 /* MR_EmployeeDetailViewController.swift */; };
		1395457219DDDCBA0054E744 /* CoreDataExample.xcdatamodeld in Sources */ = {isa = PBXBuildFile; fileRef = 1395457019DDDCBA0054E744 /* CoreDataExample.xcdatamodeld */; };
		1395457419DDDD2F0054E744 /* Users.swift in Sources */ = {isa = PBXBuildFile; fileRef = 1395457319DDDD2F0054E744 /* Users.swift */; };
		1395457619DDE9DF0054E744 /* NSManagedObject+Helper.swift in Sources */ = {isa = PBXBuildFile; fileRef = 1395457519DDE9DF0054E744 /* NSManagedObject+Helper.swift */; };
/* End PBXBuildFile section */

/* Begin PBXContainerItemProxy section */
		1395455519DDBCB10054E744 /* PBXContainerItemProxy */ = {
			isa = PBXContainerItemProxy;
			containerPortal = 1395453719DDBCB10054E744 /* Project object */;
			proxyType = 1;
			remoteGlobalIDString = 1395453E19DDBCB10054E744;
			remoteInfo = CoreDataExample;
		};
/* End PBXContainerItemProxy section */

/* Begin PBXFileReference section */
		1395453F19DDBCB10054E744 /* CoreDataExample.app */ = {isa = PBXFileReference; explicitFileType = wrapper.application; includeInIndex = 0; path = CoreDataExample.app; sourceTree = BUILT_PRODUCTS_DIR; };
		1395454319DDBCB10054E744 /* Info.plist */ = {isa = PBXFileReference; lastKnownFileType = text.plist.xml; path = Info.plist; sourceTree = "<group>"; };
		1395454419DDBCB10054E744 /* AppDelegate.swift */ = {isa = PBXFileReference; lastKnownFileType = sourcecode.swift; path = AppDelegate.swift; sourceTree = "<group>"; };
		1395454919DDBCB10054E744 /* Base */ = {isa = PBXFileReference; lastKnownFileType = file.storyboard; name = Base; path = Base.lproj/Main.storyboard; sourceTree = "<group>"; };
		1395454B19DDBCB10054E744 /* Images.xcassets */ = {isa = PBXFileReference; lastKnownFileType = folder.assetcatalog; path = Images.xcassets; sourceTree = "<group>"; };
		1395454E19DDBCB10054E744 /* Base */ = {isa = PBXFileReference; lastKnownFileType = file.xib; name = Base; path = Base.lproj/LaunchScreen.xib; sourceTree = "<group>"; };
		1395455419DDBCB10054E744 /* CoreDataExampleTests.xctest */ = {isa = PBXFileReference; explicitFileType = wrapper.cfbundle; includeInIndex = 0; path = CoreDataExampleTests.xctest; sourceTree = BUILT_PRODUCTS_DIR; };
		1395455919DDBCB10054E744 /* Info.plist */ = {isa = PBXFileReference; lastKnownFileType = text.plist.xml; path = Info.plist; sourceTree = "<group>"; };
		1395455A19DDBCB10054E744 /* CoreDataExampleTests.swift */ = {isa = PBXFileReference; lastKnownFileType = sourcecode.swift; path = CoreDataExampleTests.swift; sourceTree = "<group>"; };
		1395456719DDBD190054E744 /* CoreDataManager.swift */ = {isa = PBXFileReference; fileEncoding = 4; lastKnownFileType = sourcecode.swift; path = CoreDataManager.swift; sourceTree = "<group>"; };
		1395456919DDBD3B0054E744 /* MR_EmployeeListViewController.swift */ = {isa = PBXFileReference; fileEncoding = 4; lastKnownFileType = sourcecode.swift; path = MR_EmployeeListViewController.swift; sourceTree = "<group>"; };
		1395456B19DDBD5D0054E744 /* MR_EmployeeTableViewCell.swift */ = {isa = PBXFileReference; fileEncoding = 4; lastKnownFileType = sourcecode.swift; path = MR_EmployeeTableViewCell.swift; sourceTree = "<group>"; };
		1395456D19DDBD760054E744 /* MR_EmployeeDetailViewController.swift */ = {isa = PBXFileReference; fileEncoding = 4; lastKnownFileType = sourcecode.swift; path = MR_EmployeeDetailViewController.swift; sourceTree = "<group>"; };
		1395457119DDDCBA0054E744 /* CoreDataExample.xcdatamodel */ = {isa = PBXFileReference; lastKnownFileType = wrapper.xcdatamodel; path = CoreDataExample.xcdatamodel; sourceTree = "<group>"; };
		1395457319DDDD2F0054E744 /* Users.swift */ = {isa = PBXFileReference; fileEncoding = 4; lastKnownFileType = sourcecode.swift; path = Users.swift; sourceTree = "<group>"; };
		1395457519DDE9DF0054E744 /* NSManagedObject+Helper.swift */ = {isa = PBXFileReference; fileEncoding = 4; lastKnownFileType = sourcecode.swift; path = "NSManagedObject+Helper.swift"; sourceTree = "<group>"; };
/* End PBXFileReference section */

/* Begin PBXFrameworksBuildPhase section */
		1395453C19DDBCB10054E744 /* Frameworks */ = {
			isa = PBXFrameworksBuildPhase;
			buildActionMask = 2147483647;
			files = (
			);
			runOnlyForDeploymentPostprocessing = 0;
		};
		1395455119DDBCB10054E744 /* Frameworks */ = {
			isa = PBXFrameworksBuildPhase;
			buildActionMask = 2147483647;
			files = (
			);
			runOnlyForDeploymentPostprocessing = 0;
		};
/* End PBXFrameworksBuildPhase section */

/* Begin PBXGroup section */
		1395453619DDBCB10054E744 = {
			isa = PBXGroup;
			children = (
				1395454119DDBCB10054E744 /* CoreDataExample */,
				1395455719DDBCB10054E744 /* CoreDataExampleTests */,
				1395454019DDBCB10054E744 /* Products */,
			);
			sourceTree = "<group>";
		};
		1395454019DDBCB10054E744 /* Products */ = {
			isa = PBXGroup;
			children = (
				1395453F19DDBCB10054E744 /* CoreDataExample.app */,
				1395455419DDBCB10054E744 /* CoreDataExampleTests.xctest */,
			);
			name = Products;
			sourceTree = "<group>";
		};
		1395454119DDBCB10054E744 /* CoreDataExample */ = {
			isa = PBXGroup;
			children = (
				1395456419DDBD020054E744 /* CoreDataManager */,
				1395456519DDBD020054E744 /* Detail */,
				1395456619DDBD020054E744 /* List */,
				1395456F19DDDCA40054E744 /* CoreData */,
				1395454419DDBCB10054E744 /* AppDelegate.swift */,
				1395454819DDBCB10054E744 /* Main.storyboard */,
				1395454B19DDBCB10054E744 /* Images.xcassets */,
				1395454D19DDBCB10054E744 /* LaunchScreen.xib */,
				1395454219DDBCB10054E744 /* Supporting Files */,
			);
			path = CoreDataExample;
			sourceTree = "<group>";
		};
		1395454219DDBCB10054E744 /* Supporting Files */ = {
			isa = PBXGroup;
			children = (
				1395454319DDBCB10054E744 /* Info.plist */,
			);
			name = "Supporting Files";
			sourceTree = "<group>";
		};
		1395455719DDBCB10054E744 /* CoreDataExampleTests */ = {
			isa = PBXGroup;
			children = (
				1395455A19DDBCB10054E744 /* CoreDataExampleTests.swift */,
				1395455819DDBCB10054E744 /* Supporting Files */,
			);
			path = CoreDataExampleTests;
			sourceTree = "<group>";
		};
		1395455819DDBCB10054E744 /* Supporting Files */ = {
			isa = PBXGroup;
			children = (
				1395455919DDBCB10054E744 /* Info.plist */,
			);
			name = "Supporting Files";
			sourceTree = "<group>";
		};
		1395456419DDBD020054E744 /* CoreDataManager */ = {
			isa = PBXGroup;
			children = (
				1395456719DDBD190054E744 /* CoreDataManager.swift */,
			);
			path = CoreDataManager;
			sourceTree = "<group>";
		};
		1395456519DDBD020054E744 /* Detail */ = {
			isa = PBXGroup;
			children = (
				1395456D19DDBD760054E744 /* MR_EmployeeDetailViewController.swift */,
			);
			path = Detail;
			sourceTree = "<group>";
		};
		1395456619DDBD020054E744 /* List */ = {
			isa = PBXGroup;
			children = (
				1395456919DDBD3B0054E744 /* MR_EmployeeListViewController.swift */,
				1395456B19DDBD5D0054E744 /* MR_EmployeeTableViewCell.swift */,
			);
			path = List;
			sourceTree = "<group>";
		};
		1395456F19DDDCA40054E744 /* CoreData */ = {
			isa = PBXGroup;
			children = (
				1395457019DDDCBA0054E744 /* CoreDataExample.xcdatamodeld */,
				1395457319DDDD2F0054E744 /* Users.swift */,
				1395457519DDE9DF0054E744 /* NSManagedObject+Helper.swift */,
			);
			path = CoreData;
			sourceTree = "<group>";
		};
/* End PBXGroup section */

/* Begin PBXNativeTarget section */
		1395453E19DDBCB10054E744 /* CoreDataExample */ = {
			isa = PBXNativeTarget;
			buildConfigurationList = 1395455E19DDBCB10054E744 /* Build configuration list for PBXNativeTarget "CoreDataExample" */;
			buildPhases = (
				1395453B19DDBCB10054E744 /* Sources */,
				1395453C19DDBCB10054E744 /* Frameworks */,
				1395453D19DDBCB10054E744 /* Resources */,
			);
			buildRules = (
			);
			dependencies = (
			);
			name = CoreDataExample;
			productName = CoreDataExample;
			productReference = 1395453F19DDBCB10054E744 /* CoreDataExample.app */;
			productType = "com.apple.product-type.application";
		};
		1395455319DDBCB10054E744 /* CoreDataExampleTests */ = {
			isa = PBXNativeTarget;
			buildConfigurationList = 1395456119DDBCB10054E744 /* Build configuration list for PBXNativeTarget "CoreDataExampleTests" */;
			buildPhases = (
				1395455019DDBCB10054E744 /* Sources */,
				1395455119DDBCB10054E744 /* Frameworks */,
				1395455219DDBCB10054E744 /* Resources */,
			);
			buildRules = (
			);
			dependencies = (
				1395455619DDBCB10054E744 /* PBXTargetDependency */,
			);
			name = CoreDataExampleTests;
			productName = CoreDataExampleTests;
			productReference = 1395455419DDBCB10054E744 /* CoreDataExampleTests.xctest */;
			productType = "com.apple.product-type.bundle.unit-test";
		};
/* End PBXNativeTarget section */

/* Begin PBXProject section */
		1395453719DDBCB10054E744 /* Project object */ = {
			isa = PBXProject;
			attributes = {
				LastUpgradeCheck = 0600;
				ORGANIZATIONNAME = "Manish Rathi";
				TargetAttributes = {
					1395453E19DDBCB10054E744 = {
						CreatedOnToolsVersion = 6.0;
					};
					1395455319DDBCB10054E744 = {
						CreatedOnToolsVersion = 6.0;
						TestTargetID = 1395453E19DDBCB10054E744;
					};
				};
			};
			buildConfigurationList = 1395453A19DDBCB10054E744 /* Build configuration list for PBXProject "CoreDataExample" */;
			compatibilityVersion = "Xcode 3.2";
			developmentRegion = English;
			hasScannedForEncodings = 0;
			knownRegions = (
				en,
				Base,
			);
			mainGroup = 1395453619DDBCB10054E744;
			productRefGroup = 1395454019DDBCB10054E744 /* Products */;
			projectDirPath = "";
			projectRoot = "";
			targets = (
				1395453E19DDBCB10054E744 /* CoreDataExample */,
				1395455319DDBCB10054E744 /* CoreDataExampleTests */,
			);
		};
/* End PBXProject section */

/* Begin PBXResourcesBuildPhase section */
		1395453D19DDBCB10054E744 /* Resources */ = {
			isa = PBXResourcesBuildPhase;
			buildActionMask = 2147483647;
			files = (
				1395454A19DDBCB10054E744 /* Main.storyboard in Resources */,
				1395454F19DDBCB10054E744 /* LaunchScreen.xib in Resources */,
				1395454C19DDBCB10054E744 /* Images.xcassets in Resources */,
			);
			runOnlyForDeploymentPostprocessing = 0;
		};
		1395455219DDBCB10054E744 /* Resources */ = {
			isa = PBXResourcesBuildPhase;
			buildActionMask = 2147483647;
			files = (
			);
			runOnlyForDeploymentPostprocessing = 0;
		};
/* End PBXResourcesBuildPhase section */

/* Begin PBXSourcesBuildPhase section */
		1395453B19DDBCB10054E744 /* Sources */ = {
			isa = PBXSourcesBuildPhase;
			buildActionMask = 2147483647;
			files = (
				1395457619DDE9DF0054E744 /* NSManagedObject+Helper.swift in Sources */,
				1395457419DDDD2F0054E744 /* Users.swift in Sources */,
				1395456819DDBD190054E744 /* CoreDataManager.swift in Sources */,
				1395456E19DDBD760054E744 /* MR_EmployeeDetailViewController.swift in Sources */,
				1395454519DDBCB10054E744 /* AppDelegate.swift in Sources */,
				1395456A19DDBD3B0054E744 /* MR_EmployeeListViewController.swift in Sources */,
				1395457219DDDCBA0054E744 /* CoreDataExample.xcdatamodeld in Sources */,
				1395456C19DDBD5D0054E744 /* MR_EmployeeTableViewCell.swift in Sources */,
			);
			runOnlyForDeploymentPostprocessing = 0;
		};
		1395455019DDBCB10054E744 /* Sources */ = {
			isa = PBXSourcesBuildPhase;
			buildActionMask = 2147483647;
			files = (
				1395455B19DDBCB10054E744 /* CoreDataExampleTests.swift in Sources */,
			);
			runOnlyForDeploymentPostprocessing = 0;
		};
/* End PBXSourcesBuildPhase section */

/* Begin PBXTargetDependency section */
		1395455619DDBCB10054E744 /* PBXTargetDependency */ = {
			isa = PBXTargetDependency;
			target = 1395453E19DDBCB10054E744 /* CoreDataExample */;
			targetProxy = 1395455519DDBCB10054E744 /* PBXContainerItemProxy */;
		};
/* End PBXTargetDependency section */

/* Begin PBXVariantGroup section */
		1395454819DDBCB10054E744 /* Main.storyboard */ = {
			isa = PBXVariantGroup;
			children = (
				1395454919DDBCB10054E744 /* Base */,
			);
			name = Main.storyboard;
			sourceTree = "<group>";
		};
		1395454D19DDBCB10054E744 /* LaunchScreen.xib */ = {
			isa = PBXVariantGroup;
			children = (
				1395454E19DDBCB10054E744 /* Base */,
			);
			name = LaunchScreen.xib;
			sourceTree = "<group>";
		};
/* End PBXVariantGroup section */

/* Begin XCBuildConfiguration section */
		1395455C19DDBCB10054E744 /* Debug */ = {
			isa = XCBuildConfiguration;
			buildSettings = {
				ALWAYS_SEARCH_USER_PATHS = NO;
				CLANG_CXX_LANGUAGE_STANDARD = "gnu++0x";
				CLANG_CXX_LIBRARY = "libc++";
				CLANG_ENABLE_MODULES = YES;
				CLANG_ENABLE_OBJC_ARC = YES;
				CLANG_WARN_BOOL_CONVERSION = YES;
				CLANG_WARN_CONSTANT_CONVERSION = YES;
				CLANG_WARN_DIRECT_OBJC_ISA_USAGE = YES_ERROR;
				CLANG_WARN_EMPTY_BODY = YES;
				CLANG_WARN_ENUM_CONVERSION = YES;
				CLANG_WARN_INT_CONVERSION = YES;
				CLANG_WARN_OBJC_ROOT_CLASS = YES_ERROR;
				CLANG_WARN_UNREACHABLE_CODE = YES;
				CLANG_WARN__DUPLICATE_METHOD_MATCH = YES;
				"CODE_SIGN_IDENTITY[sdk=iphoneos*]" = "iPhone Developer";
				COPY_PHASE_STRIP = NO;
				ENABLE_STRICT_OBJC_MSGSEND = YES;
				GCC_C_LANGUAGE_STANDARD = gnu99;
				GCC_DYNAMIC_NO_PIC = NO;
				GCC_OPTIMIZATION_LEVEL = 0;
				GCC_PREPROCESSOR_DEFINITIONS = (
					"DEBUG=1",
					"$(inherited)",
				);
				GCC_SYMBOLS_PRIVATE_EXTERN = NO;
				GCC_WARN_64_TO_32_BIT_CONVERSION = YES;
				GCC_WARN_ABOUT_RETURN_TYPE = YES_ERROR;
				GCC_WARN_UNDECLARED_SELECTOR = YES;
				GCC_WARN_UNINITIALIZED_AUTOS = YES_AGGRESSIVE;
				GCC_WARN_UNUSED_FUNCTION = YES;
				GCC_WARN_UNUSED_VARIABLE = YES;
				IPHONEOS_DEPLOYMENT_TARGET = 8.0;
				MTL_ENABLE_DEBUG_INFO = YES;
				ONLY_ACTIVE_ARCH = YES;
				SDKROOT = iphoneos;
				SWIFT_OPTIMIZATION_LEVEL = "-Onone";
			};
			name = Debug;
		};
		1395455D19DDBCB10054E744 /* Release */ = {
			isa = XCBuildConfiguration;
			buildSettings = {
				ALWAYS_SEARCH_USER_PATHS = NO;
				CLANG_CXX_LANGUAGE_STANDARD = "gnu++0x";
				CLANG_CXX_LIBRARY = "libc++";
				CLANG_ENABLE_MODULES = YES;
				CLANG_ENABLE_OBJC_ARC = YES;
				CLANG_WARN_BOOL_CONVERSION = YES;
				CLANG_WARN_CONSTANT_CONVERSION = YES;
				CLANG_WARN_DIRECT_OBJC_ISA_USAGE = YES_ERROR;
				CLANG_WARN_EMPTY_BODY = YES;
				CLANG_WARN_ENUM_CONVERSION = YES;
				CLANG_WARN_INT_CONVERSION = YES;
				CLANG_WARN_OBJC_ROOT_CLASS = YES_ERROR;
				CLANG_WARN_UNREACHABLE_CODE = YES;
				CLANG_WARN__DUPLICATE_METHOD_MATCH = YES;
				"CODE_SIGN_IDENTITY[sdk=iphoneos*]" = "iPhone Developer";
				COPY_PHASE_STRIP = YES;
				ENABLE_NS_ASSERTIONS = NO;
				ENABLE_STRICT_OBJC_MSGSEND = YES;
				GCC_C_LANGUAGE_STANDARD = gnu99;
				GCC_WARN_64_TO_32_BIT_CONVERSION = YES;
				GCC_WARN_ABOUT_RETURN_TYPE = YES_ERROR;
				GCC_WARN_UNDECLARED_SELECTOR = YES;
				GCC_WARN_UNINITIALIZED_AUTOS = YES_AGGRESSIVE;
				GCC_WARN_UNUSED_FUNCTION = YES;
				GCC_WARN_UNUSED_VARIABLE = YES;
				IPHONEOS_DEPLOYMENT_TARGET = 8.0;
				MTL_ENABLE_DEBUG_INFO = NO;
				SDKROOT = iphoneos;
				VALIDATE_PRODUCT = YES;
			};
			name = Release;
		};
		1395455F19DDBCB10054E744 /* Debug */ = {
			isa = XCBuildConfiguration;
			buildSettings = {
				ASSETCATALOG_COMPILER_APPICON_NAME = AppIcon;
				INFOPLIST_FILE = CoreDataExample/Info.plist;
				LD_RUNPATH_SEARCH_PATHS = "$(inherited) @executable_path/Frameworks";
				PRODUCT_NAME = "$(TARGET_NAME)";
			};
			name = Debug;
		};
		1395456019DDBCB10054E744 /* Release */ = {
			isa = XCBuildConfiguration;
			buildSettings = {
				ASSETCATALOG_COMPILER_APPICON_NAME = AppIcon;
				INFOPLIST_FILE = CoreDataExample/Info.plist;
				LD_RUNPATH_SEARCH_PATHS = "$(inherited) @executable_path/Frameworks";
				PRODUCT_NAME = "$(TARGET_NAME)";
			};
			name = Release;
		};
		1395456219DDBCB10054E744 /* Debug */ = {
			isa = XCBuildConfiguration;
			buildSettings = {
				BUNDLE_LOADER = "$(TEST_HOST)";
				FRAMEWORK_SEARCH_PATHS = (
					"$(SDKROOT)/Developer/Library/Frameworks",
					"$(inherited)",
				);
				GCC_PREPROCESSOR_DEFINITIONS = (
					"DEBUG=1",
					"$(inherited)",
				);
				INFOPLIST_FILE = CoreDataExampleTests/Info.plist;
				LD_RUNPATH_SEARCH_PATHS = "$(inherited) @executable_path/Frameworks @loader_path/Frameworks";
				PRODUCT_NAME = "$(TARGET_NAME)";
				TEST_HOST = "$(BUILT_PRODUCTS_DIR)/CoreDataExample.app/CoreDataExample";
			};
			name = Debug;
		};
		1395456319DDBCB10054E744 /* Release */ = {
			isa = XCBuildConfiguration;
			buildSettings = {
				BUNDLE_LOADER = "$(TEST_HOST)";
				FRAMEWORK_SEARCH_PATHS = (
					"$(SDKROOT)/Developer/Library/Frameworks",
					"$(inherited)",
				);
				INFOPLIST_FILE = CoreDataExampleTests/Info.plist;
				LD_RUNPATH_SEARCH_PATHS = "$(inherited) @executable_path/Frameworks @loader_path/Frameworks";
				PRODUCT_NAME = "$(TARGET_NAME)";
				TEST_HOST = "$(BUILT_PRODUCTS_DIR)/CoreDataExample.app/CoreDataExample";
			};
			name = Release;
		};
/* End XCBuildConfiguration section */

/* Begin XCConfigurationList section */
		1395453A19DDBCB10054E744 /* Build configuration list for PBXProject "CoreDataExample" */ = {
			isa = XCConfigurationList;
			buildConfigurations = (
				1395455C19DDBCB10054E744 /* Debug */,
				1395455D19DDBCB10054E744 /* Release */,
			);
			defaultConfigurationIsVisible = 0;
			defaultConfigurationName = Release;
		};
		1395455E19DDBCB10054E744 /* Build configuration list for PBXNativeTarget "CoreDataExample" */ = {
			isa = XCConfigurationList;
			buildConfigurations = (
				1395455F19DDBCB10054E744 /* Debug */,
				1395456019DDBCB10054E744 /* Release */,
			);
			defaultConfigurationIsVisible = 0;
		};
		1395456119DDBCB10054E744 /* Build configuration list for PBXNativeTarget "CoreDataExampleTests" */ = {
			isa = XCConfigurationList;
			buildConfigurations = (
				1395456219DDBCB10054E744 /* Debug */,
				1395456319DDBCB10054E744 /* Release */,
			);
			defaultConfigurationIsVisible = 0;
		};
/* End XCConfigurationList section */

/* Begin XCVersionGroup section */
		1395457019DDDCBA0054E744 /* CoreDataExample.xcdatamodeld */ = {
			isa = XCVersionGroup;
			children = (
				1395457119DDDCBA0054E744 /* CoreDataExample.xcdatamodel */,
			);
			currentVersion = 1395457119DDDCBA0054E744 /* CoreDataExample.xcdatamodel */;
			path = CoreDataExample.xcdatamodeld;
			sourceTree = "<group>";
			versionGroupType = wrapper.xcdatamodel;
		};
/* End XCVersionGroup section */
	};
	rootObject = 1395453719DDBCB10054E744 /* Project object */;
}
